
Microsoft Visual Studio Solution File, Format Version 12.00
# Visual Studio Version 17
VisualStudioVersion = 17.0.31903.59
MinimumVisualStudioVersion = 10.0.40219.1
Project("{9A19103F-16F7-4668-BE54-9A1E7A4F7556}") = "Server", "Server\Server.csproj", "{752165D1-6DCC-4FF3-85AA-8D91CDDF16D8}"
EndProject
Project("{9A19103F-16F7-4668-BE54-9A1E7A4F7556}") = "Lib", "Lib\Lib.csproj", "{59A21A93-83AB-4808-A899-5697DC4871EE}"
EndProject
Project("{FAE04EC0-301F-11D3-BF4B-00C04F79EFBC}") = "Client", "Client\Client.csproj", "{245D5E9C-883B-4CA8-997F-C3872D47D321}"
EndProject
Global
	GlobalSection(SolutionConfigurationPlatforms) = preSolution
		Debug|Any CPU = Debug|Any CPU
		Release|Any CPU = Release|Any CPU
	EndGlobalSection
	GlobalSection(ProjectConfigurationPlatforms) = postSolution
		{752165D1-6DCC-4FF3-85AA-8D91CDDF16D8}.Debug|Any CPU.ActiveCfg = Debug|Any CPU
		{752165D1-6DCC-4FF3-85AA-8D91CDDF16D8}.Debug|Any CPU.Build.0 = Debug|Any CPU
		{752165D1-6DCC-4FF3-85AA-8D91CDDF16D8}.Release|Any CPU.ActiveCfg = Release|Any CPU
		{752165D1-6DCC-4FF3-85AA-8D91CDDF16D8}.Release|Any CPU.Build.0 = Release|Any CPU
		{59A21A93-83AB-4808-A899-5697DC4871EE}.Debug|Any CPU.ActiveCfg = Debug|Any CPU
		{59A21A93-83AB-4808-A899-5697DC4871EE}.Debug|Any CPU.Build.0 = Debug|Any CPU
		{59A21A93-83AB-4808-A899-5697DC4871EE}.Release|Any CPU.ActiveCfg = Release|Any CPU
		{59A21A93-83AB-4808-A899-5697DC4871EE}.Release|Any CPU.Build.0 = Release|Any CPU
		{245D5E9C-883B-4CA8-997F-C3872D47D321}.Debug|Any CPU.ActiveCfg = Debug|Any CPU
		{245D5E9C-883B-4CA8-997F-C3872D47D321}.Debug|Any CPU.Build.0 = Debug|Any CPU
		{245D5E9C-883B-4CA8-997F-C3872D47D321}.Release|Any CPU.ActiveCfg = Release|Any CPU
		{245D5E9C-883B-4CA8-997F-C3872D47D321}.Release|Any CPU.Build.0 = Release|Any CPU
	EndGlobalSection
	GlobalSection(SolutionProperties) = preSolution
		HideSolutionNode = FALSE
	EndGlobalSection
	GlobalSection(ExtensibilityGlobals) = postSolution
		SolutionGuid = {10102001-9607-411C-9965-1A47B4575839}
	EndGlobalSection
EndGlobal
